
Microsoft Visual Studio Solution File, Format Version 12.00
# Visual Studio 14
VisualStudioVersion = 14.0.25420.1
MinimumVisualStudioVersion = 10.0.40219.1
Project("{FAE04EC0-301F-11D3-BF4B-00C04F79EFBC}") = "VATRP.App", "VATRP.App\VATRP.App.csproj", "{CF503001-3771-48E8-A425-73A11F38EDBC}"
EndProject
Project("{FAE04EC0-301F-11D3-BF4B-00C04F79EFBC}") = "VATRP.Core", "VATRP.Core\VATRP.Core.csproj", "{A4B764EF-2558-4DA9-9A43-0FFAA0E93D0B}"
EndProject
Project("{FAE04EC0-301F-11D3-BF4B-00C04F79EFBC}") = "VATRP.LinphoneWrapper", "VATRP.LinphoneWrapper\VATRP.LinphoneWrapper.csproj", "{29E0CC8F-232A-4CB6-89C1-C3F6C7453B36}"
EndProject
Project("{FAE04EC0-301F-11D3-BF4B-00C04F79EFBC}") = "ManagedVideoContainer", "ManagedVideoContainer\ManagedVideoContainer.csproj", "{E543535A-5EDA-4035-A26A-71B3892A5BF5}"
EndProject
Project("{54435603-DBB4-11D2-8724-00A0C9A8B90C}") = "VATRP.Installer", "VATRP.Installer\VATRP.Installer.vdproj", "{2F902ADA-AC3E-4A8D-A9CE-8346F3CAC556}"
EndProject
Project("{FAE04EC0-301F-11D3-BF4B-00C04F79EFBC}") = "VATRP.CustomActions", "VATRP.CustomActions\VATRP.CustomActions.csproj", "{D7D52897-231F-4C88-96B2-0CA14AC06BC1}"
EndProject
Global
	GlobalSection(SolutionConfigurationPlatforms) = preSolution
		CD_ROM|Any CPU = CD_ROM|Any CPU
		CD_ROM|x64 = CD_ROM|x64
		CD_ROM|x86 = CD_ROM|x86
		Debug|Any CPU = Debug|Any CPU
		Debug|x64 = Debug|x64
		Debug|x86 = Debug|x86
		Developer|Any CPU = Developer|Any CPU
		Developer|x64 = Developer|x64
		Developer|x86 = Developer|x86
		DVD-5|Any CPU = DVD-5|Any CPU
		DVD-5|x64 = DVD-5|x64
		DVD-5|x86 = DVD-5|x86
		Release|Any CPU = Release|Any CPU
		Release|x64 = Release|x64
		Release|x86 = Release|x86
		SingleImage|Any CPU = SingleImage|Any CPU
		SingleImage|x64 = SingleImage|x64
		SingleImage|x86 = SingleImage|x86
	EndGlobalSection
	GlobalSection(ProjectConfigurationPlatforms) = postSolution
		{CF503001-3771-48E8-A425-73A11F38EDBC}.CD_ROM|Any CPU.ActiveCfg = Release|Any CPU
		{CF503001-3771-48E8-A425-73A11F38EDBC}.CD_ROM|Any CPU.Build.0 = Release|Any CPU
		{CF503001-3771-48E8-A425-73A11F38EDBC}.CD_ROM|x64.ActiveCfg = Developer|Any CPU
		{CF503001-3771-48E8-A425-73A11F38EDBC}.CD_ROM|x64.Build.0 = Developer|Any CPU
		{CF503001-3771-48E8-A425-73A11F38EDBC}.CD_ROM|x86.ActiveCfg = Developer|Any CPU
		{CF503001-3771-48E8-A425-73A11F38EDBC}.CD_ROM|x86.Build.0 = Developer|Any CPU
		{CF503001-3771-48E8-A425-73A11F38EDBC}.Debug|Any CPU.ActiveCfg = Debug|Any CPU
		{CF503001-3771-48E8-A425-73A11F38EDBC}.Debug|Any CPU.Build.0 = Debug|Any CPU
		{CF503001-3771-48E8-A425-73A11F38EDBC}.Debug|x64.ActiveCfg = Debug|Any CPU
		{CF503001-3771-48E8-A425-73A11F38EDBC}.Debug|x64.Build.0 = Debug|Any CPU
		{CF503001-3771-48E8-A425-73A11F38EDBC}.Debug|x86.ActiveCfg = Debug|Any CPU
		{CF503001-3771-48E8-A425-73A11F38EDBC}.Debug|x86.Build.0 = Debug|Any CPU
		{CF503001-3771-48E8-A425-73A11F38EDBC}.Developer|Any CPU.ActiveCfg = Developer|Any CPU
		{CF503001-3771-48E8-A425-73A11F38EDBC}.Developer|Any CPU.Build.0 = Developer|Any CPU
		{CF503001-3771-48E8-A425-73A11F38EDBC}.Developer|x64.ActiveCfg = Developer|Any CPU
		{CF503001-3771-48E8-A425-73A11F38EDBC}.Developer|x64.Build.0 = Developer|Any CPU
		{CF503001-3771-48E8-A425-73A11F38EDBC}.Developer|x86.ActiveCfg = Developer|Any CPU
		{CF503001-3771-48E8-A425-73A11F38EDBC}.Developer|x86.Build.0 = Developer|Any CPU
		{CF503001-3771-48E8-A425-73A11F38EDBC}.DVD-5|Any CPU.ActiveCfg = Developer|Any CPU
		{CF503001-3771-48E8-A425-73A11F38EDBC}.DVD-5|Any CPU.Build.0 = Developer|Any CPU
		{CF503001-3771-48E8-A425-73A11F38EDBC}.DVD-5|x64.ActiveCfg = Developer|Any CPU
		{CF503001-3771-48E8-A425-73A11F38EDBC}.DVD-5|x64.Build.0 = Developer|Any CPU
		{CF503001-3771-48E8-A425-73A11F38EDBC}.DVD-5|x86.ActiveCfg = Developer|Any CPU
		{CF503001-3771-48E8-A425-73A11F38EDBC}.DVD-5|x86.Build.0 = Developer|Any CPU
		{CF503001-3771-48E8-A425-73A11F38EDBC}.Release|Any CPU.ActiveCfg = Release|Any CPU
		{CF503001-3771-48E8-A425-73A11F38EDBC}.Release|Any CPU.Build.0 = Release|Any CPU
		{CF503001-3771-48E8-A425-73A11F38EDBC}.Release|x64.ActiveCfg = Release|Any CPU
		{CF503001-3771-48E8-A425-73A11F38EDBC}.Release|x64.Build.0 = Release|Any CPU
		{CF503001-3771-48E8-A425-73A11F38EDBC}.Release|x86.ActiveCfg = Release|Any CPU
		{CF503001-3771-48E8-A425-73A11F38EDBC}.Release|x86.Build.0 = Release|Any CPU
		{CF503001-3771-48E8-A425-73A11F38EDBC}.SingleImage|Any CPU.ActiveCfg = Release|Any CPU
		{CF503001-3771-48E8-A425-73A11F38EDBC}.SingleImage|Any CPU.Build.0 = Release|Any CPU
		{CF503001-3771-48E8-A425-73A11F38EDBC}.SingleImage|x64.ActiveCfg = Developer|Any CPU
		{CF503001-3771-48E8-A425-73A11F38EDBC}.SingleImage|x64.Build.0 = Developer|Any CPU
		{CF503001-3771-48E8-A425-73A11F38EDBC}.SingleImage|x86.ActiveCfg = Developer|Any CPU
		{CF503001-3771-48E8-A425-73A11F38EDBC}.SingleImage|x86.Build.0 = Developer|Any CPU
		{A4B764EF-2558-4DA9-9A43-0FFAA0E93D0B}.CD_ROM|Any CPU.ActiveCfg = Release|Any CPU
		{A4B764EF-2558-4DA9-9A43-0FFAA0E93D0B}.CD_ROM|Any CPU.Build.0 = Release|Any CPU
		{A4B764EF-2558-4DA9-9A43-0FFAA0E93D0B}.CD_ROM|x64.ActiveCfg = Developer|Any CPU
		{A4B764EF-2558-4DA9-9A43-0FFAA0E93D0B}.CD_ROM|x64.Build.0 = Developer|Any CPU
		{A4B764EF-2558-4DA9-9A43-0FFAA0E93D0B}.CD_ROM|x86.ActiveCfg = Developer|Any CPU
		{A4B764EF-2558-4DA9-9A43-0FFAA0E93D0B}.CD_ROM|x86.Build.0 = Developer|Any CPU
		{A4B764EF-2558-4DA9-9A43-0FFAA0E93D0B}.Debug|Any CPU.ActiveCfg = Debug|Any CPU
		{A4B764EF-2558-4DA9-9A43-0FFAA0E93D0B}.Debug|Any CPU.Build.0 = Debug|Any CPU
		{A4B764EF-2558-4DA9-9A43-0FFAA0E93D0B}.Debug|x64.ActiveCfg = Debug|Any CPU
		{A4B764EF-2558-4DA9-9A43-0FFAA0E93D0B}.Debug|x64.Build.0 = Debug|Any CPU
		{A4B764EF-2558-4DA9-9A43-0FFAA0E93D0B}.Debug|x86.ActiveCfg = Debug|Any CPU
		{A4B764EF-2558-4DA9-9A43-0FFAA0E93D0B}.Debug|x86.Build.0 = Debug|Any CPU
		{A4B764EF-2558-4DA9-9A43-0FFAA0E93D0B}.Developer|Any CPU.ActiveCfg = Developer|Any CPU
		{A4B764EF-2558-4DA9-9A43-0FFAA0E93D0B}.Developer|Any CPU.Build.0 = Developer|Any CPU
		{A4B764EF-2558-4DA9-9A43-0FFAA0E93D0B}.Developer|x64.ActiveCfg = Developer|Any CPU
		{A4B764EF-2558-4DA9-9A43-0FFAA0E93D0B}.Developer|x64.Build.0 = Developer|Any CPU
		{A4B764EF-2558-4DA9-9A43-0FFAA0E93D0B}.Developer|x86.ActiveCfg = Developer|Any CPU
		{A4B764EF-2558-4DA9-9A43-0FFAA0E93D0B}.Developer|x86.Build.0 = Developer|Any CPU
		{A4B764EF-2558-4DA9-9A43-0FFAA0E93D0B}.DVD-5|Any CPU.ActiveCfg = Developer|Any CPU
		{A4B764EF-2558-4DA9-9A43-0FFAA0E93D0B}.DVD-5|Any CPU.Build.0 = Developer|Any CPU
		{A4B764EF-2558-4DA9-9A43-0FFAA0E93D0B}.DVD-5|x64.ActiveCfg = Developer|Any CPU
		{A4B764EF-2558-4DA9-9A43-0FFAA0E93D0B}.DVD-5|x64.Build.0 = Developer|Any CPU
		{A4B764EF-2558-4DA9-9A43-0FFAA0E93D0B}.DVD-5|x86.ActiveCfg = Developer|Any CPU
		{A4B764EF-2558-4DA9-9A43-0FFAA0E93D0B}.DVD-5|x86.Build.0 = Developer|Any CPU
		{A4B764EF-2558-4DA9-9A43-0FFAA0E93D0B}.Release|Any CPU.ActiveCfg = Release|Any CPU
		{A4B764EF-2558-4DA9-9A43-0FFAA0E93D0B}.Release|Any CPU.Build.0 = Release|Any CPU
		{A4B764EF-2558-4DA9-9A43-0FFAA0E93D0B}.Release|x64.ActiveCfg = Release|Any CPU
		{A4B764EF-2558-4DA9-9A43-0FFAA0E93D0B}.Release|x64.Build.0 = Release|Any CPU
		{A4B764EF-2558-4DA9-9A43-0FFAA0E93D0B}.Release|x86.ActiveCfg = Release|Any CPU
		{A4B764EF-2558-4DA9-9A43-0FFAA0E93D0B}.Release|x86.Build.0 = Release|Any CPU
		{A4B764EF-2558-4DA9-9A43-0FFAA0E93D0B}.SingleImage|Any CPU.ActiveCfg = Release|Any CPU
		{A4B764EF-2558-4DA9-9A43-0FFAA0E93D0B}.SingleImage|Any CPU.Build.0 = Release|Any CPU
		{A4B764EF-2558-4DA9-9A43-0FFAA0E93D0B}.SingleImage|x64.ActiveCfg = Developer|Any CPU
		{A4B764EF-2558-4DA9-9A43-0FFAA0E93D0B}.SingleImage|x64.Build.0 = Developer|Any CPU
		{A4B764EF-2558-4DA9-9A43-0FFAA0E93D0B}.SingleImage|x86.ActiveCfg = Developer|Any CPU
		{A4B764EF-2558-4DA9-9A43-0FFAA0E93D0B}.SingleImage|x86.Build.0 = Developer|Any CPU
		{29E0CC8F-232A-4CB6-89C1-C3F6C7453B36}.CD_ROM|Any CPU.ActiveCfg = Release|Any CPU
		{29E0CC8F-232A-4CB6-89C1-C3F6C7453B36}.CD_ROM|Any CPU.Build.0 = Release|Any CPU
		{29E0CC8F-232A-4CB6-89C1-C3F6C7453B36}.CD_ROM|x64.ActiveCfg = Developer|Any CPU
		{29E0CC8F-232A-4CB6-89C1-C3F6C7453B36}.CD_ROM|x64.Build.0 = Developer|Any CPU
		{29E0CC8F-232A-4CB6-89C1-C3F6C7453B36}.CD_ROM|x86.ActiveCfg = Developer|Any CPU
		{29E0CC8F-232A-4CB6-89C1-C3F6C7453B36}.CD_ROM|x86.Build.0 = Developer|Any CPU
		{29E0CC8F-232A-4CB6-89C1-C3F6C7453B36}.Debug|Any CPU.ActiveCfg = Debug|Any CPU
		{29E0CC8F-232A-4CB6-89C1-C3F6C7453B36}.Debug|Any CPU.Build.0 = Debug|Any CPU
		{29E0CC8F-232A-4CB6-89C1-C3F6C7453B36}.Debug|x64.ActiveCfg = Debug|Any CPU
		{29E0CC8F-232A-4CB6-89C1-C3F6C7453B36}.Debug|x64.Build.0 = Debug|Any CPU
		{29E0CC8F-232A-4CB6-89C1-C3F6C7453B36}.Debug|x86.ActiveCfg = Debug|Any CPU
		{29E0CC8F-232A-4CB6-89C1-C3F6C7453B36}.Debug|x86.Build.0 = Debug|Any CPU
		{29E0CC8F-232A-4CB6-89C1-C3F6C7453B36}.Developer|Any CPU.ActiveCfg = Developer|Any CPU
		{29E0CC8F-232A-4CB6-89C1-C3F6C7453B36}.Developer|Any CPU.Build.0 = Developer|Any CPU
		{29E0CC8F-232A-4CB6-89C1-C3F6C7453B36}.Developer|x64.ActiveCfg = Developer|Any CPU
		{29E0CC8F-232A-4CB6-89C1-C3F6C7453B36}.Developer|x64.Build.0 = Developer|Any CPU
		{29E0CC8F-232A-4CB6-89C1-C3F6C7453B36}.Developer|x86.ActiveCfg = Developer|Any CPU
		{29E0CC8F-232A-4CB6-89C1-C3F6C7453B36}.Developer|x86.Build.0 = Developer|Any CPU
		{29E0CC8F-232A-4CB6-89C1-C3F6C7453B36}.DVD-5|Any CPU.ActiveCfg = Developer|Any CPU
		{29E0CC8F-232A-4CB6-89C1-C3F6C7453B36}.DVD-5|Any CPU.Build.0 = Developer|Any CPU
		{29E0CC8F-232A-4CB6-89C1-C3F6C7453B36}.DVD-5|x64.ActiveCfg = Developer|Any CPU
		{29E0CC8F-232A-4CB6-89C1-C3F6C7453B36}.DVD-5|x64.Build.0 = Developer|Any CPU
		{29E0CC8F-232A-4CB6-89C1-C3F6C7453B36}.DVD-5|x86.ActiveCfg = Developer|Any CPU
		{29E0CC8F-232A-4CB6-89C1-C3F6C7453B36}.DVD-5|x86.Build.0 = Developer|Any CPU
		{29E0CC8F-232A-4CB6-89C1-C3F6C7453B36}.Release|Any CPU.ActiveCfg = Release|Any CPU
		{29E0CC8F-232A-4CB6-89C1-C3F6C7453B36}.Release|Any CPU.Build.0 = Release|Any CPU
		{29E0CC8F-232A-4CB6-89C1-C3F6C7453B36}.Release|x64.ActiveCfg = Release|Any CPU
		{29E0CC8F-232A-4CB6-89C1-C3F6C7453B36}.Release|x64.Build.0 = Release|Any CPU
		{29E0CC8F-232A-4CB6-89C1-C3F6C7453B36}.Release|x86.ActiveCfg = Release|Any CPU
		{29E0CC8F-232A-4CB6-89C1-C3F6C7453B36}.Release|x86.Build.0 = Release|Any CPU
		{29E0CC8F-232A-4CB6-89C1-C3F6C7453B36}.SingleImage|Any CPU.ActiveCfg = Release|Any CPU
		{29E0CC8F-232A-4CB6-89C1-C3F6C7453B36}.SingleImage|Any CPU.Build.0 = Release|Any CPU
		{29E0CC8F-232A-4CB6-89C1-C3F6C7453B36}.SingleImage|x64.ActiveCfg = Developer|Any CPU
		{29E0CC8F-232A-4CB6-89C1-C3F6C7453B36}.SingleImage|x64.Build.0 = Developer|Any CPU
		{29E0CC8F-232A-4CB6-89C1-C3F6C7453B36}.SingleImage|x86.ActiveCfg = Developer|Any CPU
		{29E0CC8F-232A-4CB6-89C1-C3F6C7453B36}.SingleImage|x86.Build.0 = Developer|Any CPU
		{E543535A-5EDA-4035-A26A-71B3892A5BF5}.CD_ROM|Any CPU.ActiveCfg = Release|Any CPU
		{E543535A-5EDA-4035-A26A-71B3892A5BF5}.CD_ROM|Any CPU.Build.0 = Release|Any CPU
		{E543535A-5EDA-4035-A26A-71B3892A5BF5}.CD_ROM|x64.ActiveCfg = Debug|Any CPU
		{E543535A-5EDA-4035-A26A-71B3892A5BF5}.CD_ROM|x64.Build.0 = Debug|Any CPU
		{E543535A-5EDA-4035-A26A-71B3892A5BF5}.CD_ROM|x86.ActiveCfg = Debug|Any CPU
		{E543535A-5EDA-4035-A26A-71B3892A5BF5}.CD_ROM|x86.Build.0 = Debug|Any CPU
		{E543535A-5EDA-4035-A26A-71B3892A5BF5}.Debug|Any CPU.ActiveCfg = Debug|Any CPU
		{E543535A-5EDA-4035-A26A-71B3892A5BF5}.Debug|Any CPU.Build.0 = Debug|Any CPU
		{E543535A-5EDA-4035-A26A-71B3892A5BF5}.Debug|x64.ActiveCfg = Debug|Any CPU
		{E543535A-5EDA-4035-A26A-71B3892A5BF5}.Debug|x64.Build.0 = Debug|Any CPU
		{E543535A-5EDA-4035-A26A-71B3892A5BF5}.Debug|x86.ActiveCfg = Debug|Any CPU
		{E543535A-5EDA-4035-A26A-71B3892A5BF5}.Debug|x86.Build.0 = Debug|Any CPU
		{E543535A-5EDA-4035-A26A-71B3892A5BF5}.Developer|Any CPU.ActiveCfg = Debug|Any CPU
		{E543535A-5EDA-4035-A26A-71B3892A5BF5}.Developer|Any CPU.Build.0 = Debug|Any CPU
		{E543535A-5EDA-4035-A26A-71B3892A5BF5}.Developer|x64.ActiveCfg = Debug|Any CPU
		{E543535A-5EDA-4035-A26A-71B3892A5BF5}.Developer|x64.Build.0 = Debug|Any CPU
		{E543535A-5EDA-4035-A26A-71B3892A5BF5}.Developer|x86.ActiveCfg = Debug|Any CPU
		{E543535A-5EDA-4035-A26A-71B3892A5BF5}.Developer|x86.Build.0 = Debug|Any CPU
		{E543535A-5EDA-4035-A26A-71B3892A5BF5}.DVD-5|Any CPU.ActiveCfg = Debug|Any CPU
		{E543535A-5EDA-4035-A26A-71B3892A5BF5}.DVD-5|Any CPU.Build.0 = Debug|Any CPU
		{E543535A-5EDA-4035-A26A-71B3892A5BF5}.DVD-5|x64.ActiveCfg = Debug|Any CPU
		{E543535A-5EDA-4035-A26A-71B3892A5BF5}.DVD-5|x64.Build.0 = Debug|Any CPU
		{E543535A-5EDA-4035-A26A-71B3892A5BF5}.DVD-5|x86.ActiveCfg = Debug|Any CPU
		{E543535A-5EDA-4035-A26A-71B3892A5BF5}.DVD-5|x86.Build.0 = Debug|Any CPU
		{E543535A-5EDA-4035-A26A-71B3892A5BF5}.Release|Any CPU.ActiveCfg = Release|Any CPU
		{E543535A-5EDA-4035-A26A-71B3892A5BF5}.Release|Any CPU.Build.0 = Release|Any CPU
		{E543535A-5EDA-4035-A26A-71B3892A5BF5}.Release|x64.ActiveCfg = Release|Any CPU
		{E543535A-5EDA-4035-A26A-71B3892A5BF5}.Release|x64.Build.0 = Release|Any CPU
		{E543535A-5EDA-4035-A26A-71B3892A5BF5}.Release|x86.ActiveCfg = Release|Any CPU
		{E543535A-5EDA-4035-A26A-71B3892A5BF5}.Release|x86.Build.0 = Release|Any CPU
		{E543535A-5EDA-4035-A26A-71B3892A5BF5}.SingleImage|Any CPU.ActiveCfg = Release|Any CPU
		{E543535A-5EDA-4035-A26A-71B3892A5BF5}.SingleImage|Any CPU.Build.0 = Release|Any CPU
		{E543535A-5EDA-4035-A26A-71B3892A5BF5}.SingleImage|x64.ActiveCfg = Debug|Any CPU
		{E543535A-5EDA-4035-A26A-71B3892A5BF5}.SingleImage|x64.Build.0 = Debug|Any CPU
		{E543535A-5EDA-4035-A26A-71B3892A5BF5}.SingleImage|x86.ActiveCfg = Debug|Any CPU
		{E543535A-5EDA-4035-A26A-71B3892A5BF5}.SingleImage|x86.Build.0 = Debug|Any CPU
		{2F902ADA-AC3E-4A8D-A9CE-8346F3CAC556}.CD_ROM|Any CPU.ActiveCfg = Release
		{2F902ADA-AC3E-4A8D-A9CE-8346F3CAC556}.CD_ROM|x64.ActiveCfg = Debug
		{2F902ADA-AC3E-4A8D-A9CE-8346F3CAC556}.CD_ROM|x64.Build.0 = Debug
		{2F902ADA-AC3E-4A8D-A9CE-8346F3CAC556}.CD_ROM|x86.ActiveCfg = Debug
		{2F902ADA-AC3E-4A8D-A9CE-8346F3CAC556}.CD_ROM|x86.Build.0 = Debug
		{2F902ADA-AC3E-4A8D-A9CE-8346F3CAC556}.Debug|Any CPU.ActiveCfg = Debug
		{2F902ADA-AC3E-4A8D-A9CE-8346F3CAC556}.Debug|x64.ActiveCfg = Debug
		{2F902ADA-AC3E-4A8D-A9CE-8346F3CAC556}.Debug|x64.Build.0 = Debug
		{2F902ADA-AC3E-4A8D-A9CE-8346F3CAC556}.Debug|x86.ActiveCfg = Debug
		{2F902ADA-AC3E-4A8D-A9CE-8346F3CAC556}.Debug|x86.Build.0 = Debug
		{2F902ADA-AC3E-4A8D-A9CE-8346F3CAC556}.Developer|Any CPU.ActiveCfg = Debug
		{2F902ADA-AC3E-4A8D-A9CE-8346F3CAC556}.Developer|x64.ActiveCfg = Debug
		{2F902ADA-AC3E-4A8D-A9CE-8346F3CAC556}.Developer|x64.Build.0 = Debug
		{2F902ADA-AC3E-4A8D-A9CE-8346F3CAC556}.Developer|x86.ActiveCfg = Debug
		{2F902ADA-AC3E-4A8D-A9CE-8346F3CAC556}.Developer|x86.Build.0 = Debug
		{2F902ADA-AC3E-4A8D-A9CE-8346F3CAC556}.DVD-5|Any CPU.ActiveCfg = Debug
		{2F902ADA-AC3E-4A8D-A9CE-8346F3CAC556}.DVD-5|x64.ActiveCfg = Debug
		{2F902ADA-AC3E-4A8D-A9CE-8346F3CAC556}.DVD-5|x64.Build.0 = Debug
		{2F902ADA-AC3E-4A8D-A9CE-8346F3CAC556}.DVD-5|x86.ActiveCfg = Debug
		{2F902ADA-AC3E-4A8D-A9CE-8346F3CAC556}.DVD-5|x86.Build.0 = Debug
		{2F902ADA-AC3E-4A8D-A9CE-8346F3CAC556}.Release|Any CPU.ActiveCfg = Release
		{2F902ADA-AC3E-4A8D-A9CE-8346F3CAC556}.Release|x64.ActiveCfg = Release
		{2F902ADA-AC3E-4A8D-A9CE-8346F3CAC556}.Release|x64.Build.0 = Release
		{2F902ADA-AC3E-4A8D-A9CE-8346F3CAC556}.Release|x86.ActiveCfg = Release
		{2F902ADA-AC3E-4A8D-A9CE-8346F3CAC556}.Release|x86.Build.0 = Release
		{2F902ADA-AC3E-4A8D-A9CE-8346F3CAC556}.SingleImage|Any CPU.ActiveCfg = Release
		{2F902ADA-AC3E-4A8D-A9CE-8346F3CAC556}.SingleImage|x64.ActiveCfg = Debug
		{2F902ADA-AC3E-4A8D-A9CE-8346F3CAC556}.SingleImage|x64.Build.0 = Debug
		{2F902ADA-AC3E-4A8D-A9CE-8346F3CAC556}.SingleImage|x86.ActiveCfg = Debug
		{2F902ADA-AC3E-4A8D-A9CE-8346F3CAC556}.SingleImage|x86.Build.0 = Debug
		{D7D52897-231F-4C88-96B2-0CA14AC06BC1}.CD_ROM|Any CPU.ActiveCfg = Release|Any CPU
		{D7D52897-231F-4C88-96B2-0CA14AC06BC1}.CD_ROM|Any CPU.Build.0 = Release|Any CPU
		{D7D52897-231F-4C88-96B2-0CA14AC06BC1}.CD_ROM|x64.ActiveCfg = Release|Any CPU
		{D7D52897-231F-4C88-96B2-0CA14AC06BC1}.CD_ROM|x64.Build.0 = Release|Any CPU
		{D7D52897-231F-4C88-96B2-0CA14AC06BC1}.CD_ROM|x86.ActiveCfg = Release|Any CPU
		{D7D52897-231F-4C88-96B2-0CA14AC06BC1}.CD_ROM|x86.Build.0 = Release|Any CPU
		{D7D52897-231F-4C88-96B2-0CA14AC06BC1}.Debug|Any CPU.ActiveCfg = Debug|Any CPU
		{D7D52897-231F-4C88-96B2-0CA14AC06BC1}.Debug|x64.ActiveCfg = Debug|Any CPU
		{D7D52897-231F-4C88-96B2-0CA14AC06BC1}.Debug|x64.Build.0 = Debug|Any CPU
		{D7D52897-231F-4C88-96B2-0CA14AC06BC1}.Debug|x86.ActiveCfg = Debug|Any CPU
		{D7D52897-231F-4C88-96B2-0CA14AC06BC1}.Debug|x86.Build.0 = Debug|Any CPU
		{D7D52897-231F-4C88-96B2-0CA14AC06BC1}.Developer|Any CPU.ActiveCfg = Debug|Any CPU
		{D7D52897-231F-4C88-96B2-0CA14AC06BC1}.Developer|Any CPU.Build.0 = Debug|Any CPU
		{D7D52897-231F-4C88-96B2-0CA14AC06BC1}.Developer|x64.ActiveCfg = Debug|Any CPU
		{D7D52897-231F-4C88-96B2-0CA14AC06BC1}.Developer|x64.Build.0 = Debug|Any CPU
		{D7D52897-231F-4C88-96B2-0CA14AC06BC1}.Developer|x86.ActiveCfg = Debug|Any CPU
		{D7D52897-231F-4C88-96B2-0CA14AC06BC1}.Developer|x86.Build.0 = Debug|Any CPU
		{D7D52897-231F-4C88-96B2-0CA14AC06BC1}.DVD-5|Any CPU.ActiveCfg = Debug|Any CPU
		{D7D52897-231F-4C88-96B2-0CA14AC06BC1}.DVD-5|Any CPU.Build.0 = Debug|Any CPU
		{D7D52897-231F-4C88-96B2-0CA14AC06BC1}.DVD-5|x64.ActiveCfg = Debug|Any CPU
		{D7D52897-231F-4C88-96B2-0CA14AC06BC1}.DVD-5|x64.Build.0 = Debug|Any CPU
		{D7D52897-231F-4C88-96B2-0CA14AC06BC1}.DVD-5|x86.ActiveCfg = Debug|Any CPU
		{D7D52897-231F-4C88-96B2-0CA14AC06BC1}.DVD-5|x86.Build.0 = Debug|Any CPU
		{D7D52897-231F-4C88-96B2-0CA14AC06BC1}.Release|Any CPU.ActiveCfg = Release|Any CPU
		{D7D52897-231F-4C88-96B2-0CA14AC06BC1}.Release|Any CPU.Build.0 = Release|Any CPU
		{D7D52897-231F-4C88-96B2-0CA14AC06BC1}.Release|x64.ActiveCfg = Release|Any CPU
		{D7D52897-231F-4C88-96B2-0CA14AC06BC1}.Release|x64.Build.0 = Release|Any CPU
		{D7D52897-231F-4C88-96B2-0CA14AC06BC1}.Release|x86.ActiveCfg = Release|Any CPU
		{D7D52897-231F-4C88-96B2-0CA14AC06BC1}.Release|x86.Build.0 = Release|Any CPU
		{D7D52897-231F-4C88-96B2-0CA14AC06BC1}.SingleImage|Any CPU.ActiveCfg = Release|Any CPU
		{D7D52897-231F-4C88-96B2-0CA14AC06BC1}.SingleImage|Any CPU.Build.0 = Release|Any CPU
		{D7D52897-231F-4C88-96B2-0CA14AC06BC1}.SingleImage|x64.ActiveCfg = Release|Any CPU
		{D7D52897-231F-4C88-96B2-0CA14AC06BC1}.SingleImage|x64.Build.0 = Release|Any CPU
		{D7D52897-231F-4C88-96B2-0CA14AC06BC1}.SingleImage|x86.ActiveCfg = Release|Any CPU
		{D7D52897-231F-4C88-96B2-0CA14AC06BC1}.SingleImage|x86.Build.0 = Release|Any CPU
	EndGlobalSection
	GlobalSection(SolutionProperties) = preSolution
		HideSolutionNode = FALSE
	EndGlobalSection
EndGlobal
